{
  "name": "curso-nodejs",
  "version": "0.0.1",
  "lockfileVersion": 1,
  "requires": true,
  "dependencies": {
    "countries-list": {
      "version": "2.5.0",
      "resolved": "https://registry.npmjs.org/countries-list/-/countries-list-2.5.0.tgz",
      "integrity": "sha512-3WkdGv0Yd0UPNdndgW+gCkj+5oMRY5dcgrjNETPuEE0nmClFbFlllWwHw+sSR0CJrPtSQ3BvF8+0/6qIdf31iw=="
    }
  }
}
